// !$*UTF8*$!
{
	archiveVersion = 1;
	classes = {
	};
	objectVersion = 55;
	objects = {

/* Begin PBXBuildFile section */
		02E06B45286C82DF00D60399 /* AppDelegate.swift in Sources */ = {isa = PBXBuildFile; fileRef = 02E06B44286C82DF00D60399 /* AppDelegate.swift */; };
		02E06B47286C82DF00D60399 /* SceneDelegate.swift in Sources */ = {isa = PBXBuildFile; fileRef = 02E06B46286C82DF00D60399 /* SceneDelegate.swift */; };
		02E06B49286C82DF00D60399 /* HomeViewController.swift in Sources */ = {isa = PBXBuildFile; fileRef = 02E06B48286C82DF00D60399 /* HomeViewController.swift */; };
		02E06B4C286C82DF00D60399 /* Main.storyboard in Resources */ = {isa = PBXBuildFile; fileRef = 02E06B4A286C82DF00D60399 /* Main.storyboard */; };
		02E06B4E286C82E000D60399 /* Assets.xcassets in Resources */ = {isa = PBXBuildFile; fileRef = 02E06B4D286C82E000D60399 /* Assets.xcassets */; };
		02E06B51286C82E000D60399 /* LaunchScreen.storyboard in Resources */ = {isa = PBXBuildFile; fileRef = 02E06B4F286C82E000D60399 /* LaunchScreen.storyboard */; };
		5E062DAD691FC7BB4CEEF9F4 /* Pods_WeatherFetch.framework in Frameworks */ = {isa = PBXBuildFile; fileRef = 47B4C3AD88B5757531621597 /* Pods_WeatherFetch.framework */; };
/* End PBXBuildFile section */

/* Begin PBXFileReference section */
		02E06B41286C82DF00D60399 /* WeatherFetch.app */ = {isa = PBXFileReference; explicitFileType = wrapper.application; includeInIndex = 0; path = WeatherFetch.app; sourceTree = BUILT_PRODUCTS_DIR; };
		02E06B44286C82DF00D60399 /* AppDelegate.swift */ = {isa = PBXFileReference; lastKnownFileType = sourcecode.swift; path = AppDelegate.swift; sourceTree = "<group>"; };
		02E06B46286C82DF00D60399 /* SceneDelegate.swift */ = {isa = PBXFileReference; lastKnownFileType = sourcecode.swift; path = SceneDelegate.swift; sourceTree = "<group>"; };
		02E06B48286C82DF00D60399 /* HomeViewController.swift */ = {isa = PBXFileReference; lastKnownFileType = sourcecode.swift; path = HomeViewController.swift; sourceTree = "<group>"; };
		02E06B4B286C82DF00D60399 /* Base */ = {isa = PBXFileReference; lastKnownFileType = file.storyboard; name = Base; path = Base.lproj/Main.storyboard; sourceTree = "<group>"; };
		02E06B4D286C82E000D60399 /* Assets.xcassets */ = {isa = PBXFileReference; lastKnownFileType = folder.assetcatalog; path = Assets.xcassets; sourceTree = "<group>"; };
		02E06B50286C82E000D60399 /* Base */ = {isa = PBXFileReference; lastKnownFileType = file.storyboard; name = Base; path = Base.lproj/LaunchScreen.storyboard; sourceTree = "<group>"; };
		02E06B52286C82E000D60399 /* Info.plist */ = {isa = PBXFileReference; lastKnownFileType = text.plist.xml; path = Info.plist; sourceTree = "<group>"; };
		3EC4C7566A155BB5EA9AD98F /* Pods-WeatherFetch.debug.xcconfig */ = {isa = PBXFileReference; includeInIndex = 1; lastKnownFileType = text.xcconfig; name = "Pods-WeatherFetch.debug.xcconfig"; path = "Target Support Files/Pods-WeatherFetch/Pods-WeatherFetch.debug.xcconfig"; sourceTree = "<group>"; };
		40AA82AA6DAB86E7ABDF4E85 /* Pods-WeatherFetch.release.xcconfig */ = {isa = PBXFileReference; includeInIndex = 1; lastKnownFileType = text.xcconfig; name = "Pods-WeatherFetch.release.xcconfig"; path = "Target Support Files/Pods-WeatherFetch/Pods-WeatherFetch.release.xcconfig"; sourceTree = "<group>"; };
		47B4C3AD88B5757531621597 /* Pods_WeatherFetch.framework */ = {isa = PBXFileReference; explicitFileType = wrapper.framework; includeInIndex = 0; path = Pods_WeatherFetch.framework; sourceTree = BUILT_PRODUCTS_DIR; };
/* End PBXFileReference section */

/* Begin PBXFrameworksBuildPhase section */
		02E06B3E286C82DF00D60399 /* Frameworks */ = {
			isa = PBXFrameworksBuildPhase;
			buildActionMask = 2147483647;
			files = (
				5E062DAD691FC7BB4CEEF9F4 /* Pods_WeatherFetch.framework in Frameworks */,
			);
			runOnlyForDeploymentPostprocessing = 0;
		};
/* End PBXFrameworksBuildPhase section */

/* Begin PBXGroup section */
		02DDD9CA286CA96900C0E349 /* Controller */ = {
			isa = PBXGroup;
			children = (
				02E06B48286C82DF00D60399 /* HomeViewController.swift */,
			);
			path = Controller;
			sourceTree = "<group>";
		};
		02DDD9CB286CA97500C0E349 /* View */ = {
			isa = PBXGroup;
			children = (
				02DDD9CD286CA98800C0E349 /* Storyboard */,
			);
			path = View;
			sourceTree = "<group>";
		};
		02DDD9CC286CA97B00C0E349 /* Model */ = {
			isa = PBXGroup;
			children = (
			);
			path = Model;
			sourceTree = "<group>";
		};
		02DDD9CD286CA98800C0E349 /* Storyboard */ = {
			isa = PBXGroup;
			children = (
				02E06B4A286C82DF00D60399 /* Main.storyboard */,
			);
			path = Storyboard;
			sourceTree = "<group>";
		};
		02DDD9CF286CA9AA00C0E349 /* Application Layer */ = {
			isa = PBXGroup;
			children = (
				02E06B44286C82DF00D60399 /* AppDelegate.swift */,
				02E06B46286C82DF00D60399 /* SceneDelegate.swift */,
			);
			path = "Application Layer";
			sourceTree = "<group>";
		};
		02DDD9D0286CA9BE00C0E349 /* Modules */ = {
			isa = PBXGroup;
			children = (
				02DDD9D1286CA9CB00C0E349 /* Home */,
				02DDD9D2286CA9DD00C0E349 /* Forecast */,
			);
			path = Modules;
			sourceTree = "<group>";
		};
		02DDD9D1286CA9CB00C0E349 /* Home */ = {
			isa = PBXGroup;
			children = (
				02DDD9CC286CA97B00C0E349 /* Model */,
				02DDD9CB286CA97500C0E349 /* View */,
				02DDD9CA286CA96900C0E349 /* Controller */,
			);
			path = Home;
			sourceTree = "<group>";
		};
		02DDD9D2286CA9DD00C0E349 /* Forecast */ = {
			isa = PBXGroup;
			children = (
				02DDD9D3286CA9F000C0E349 /* Model */,
				02DDD9D5286CA9FF00C0E349 /* View */,
				02DDD9D4286CA9F600C0E349 /* Controller */,
			);
			path = Forecast;
			sourceTree = "<group>";
		};
		02DDD9D3286CA9F000C0E349 /* Model */ = {
			isa = PBXGroup;
			children = (
			);
			path = Model;
			sourceTree = "<group>";
		};
		02DDD9D4286CA9F600C0E349 /* Controller */ = {
			isa = PBXGroup;
			children = (
			);
			path = Controller;
			sourceTree = "<group>";
		};
		02DDD9D5286CA9FF00C0E349 /* View */ = {
			isa = PBXGroup;
			children = (
			);
			path = View;
			sourceTree = "<group>";
		};
		02E06B38286C82DF00D60399 = {
			isa = PBXGroup;
			children = (
				02E06B43286C82DF00D60399 /* WeatherFetch */,
				02E06B42286C82DF00D60399 /* Products */,
				294F3BA506BF62566A72F97B /* Pods */,
				F14C4942A2EBB33A55808EAC /* Frameworks */,
			);
			sourceTree = "<group>";
		};
		02E06B42286C82DF00D60399 /* Products */ = {
			isa = PBXGroup;
			children = (
				02E06B41286C82DF00D60399 /* WeatherFetch.app */,
			);
			name = Products;
			sourceTree = "<group>";
		};
		02E06B43286C82DF00D60399 /* WeatherFetch */ = {
			isa = PBXGroup;
			children = (
				02DDD9CF286CA9AA00C0E349 /* Application Layer */,
				02DDD9D0286CA9BE00C0E349 /* Modules */,
				02E06B52286C82E000D60399 /* Info.plist */,
				02E06B4D286C82E000D60399 /* Assets.xcassets */,
				02E06B4F286C82E000D60399 /* LaunchScreen.storyboard */,
			);
			path = WeatherFetch;
			sourceTree = "<group>";
		};
		294F3BA506BF62566A72F97B /* Pods */ = {
			isa = PBXGroup;
			children = (
				3EC4C7566A155BB5EA9AD98F /* Pods-WeatherFetch.debug.xcconfig */,
				40AA82AA6DAB86E7ABDF4E85 /* Pods-WeatherFetch.release.xcconfig */,
			);
			path = Pods;
			sourceTree = "<group>";
		};
		F14C4942A2EBB33A55808EAC /* Frameworks */ = {
			isa = PBXGroup;
			children = (
				47B4C3AD88B5757531621597 /* Pods_WeatherFetch.framework */,
			);
			name = Frameworks;
			sourceTree = "<group>";
		};
/* End PBXGroup section */

/* Begin PBXNativeTarget section */
		02E06B40286C82DF00D60399 /* WeatherFetch */ = {
			isa = PBXNativeTarget;
			buildConfigurationList = 02E06B55286C82E000D60399 /* Build configuration list for PBXNativeTarget "WeatherFetch" */;
			buildPhases = (
				86C4F414D150298B75A8A747 /* [CP] Check Pods Manifest.lock */,
				02E06B3D286C82DF00D60399 /* Sources */,
				02E06B3E286C82DF00D60399 /* Frameworks */,
				02E06B3F286C82DF00D60399 /* Resources */,
				830894DC83DDBEF02D181AC3 /* [CP] Embed Pods Frameworks */,
			);
			buildRules = (
			);
			dependencies = (
			);
			name = WeatherFetch;
			productName = WeatherFetch;
			productReference = 02E06B41286C82DF00D60399 /* WeatherFetch.app */;
			productType = "com.apple.product-type.application";
		};
/* End PBXNativeTarget section */

/* Begin PBXProject section */
		02E06B39286C82DF00D60399 /* Project object */ = {
			isa = PBXProject;
			attributes = {
				BuildIndependentTargetsInParallel = 1;
				LastSwiftUpdateCheck = 1340;
				LastUpgradeCheck = 1340;
				TargetAttributes = {
					02E06B40286C82DF00D60399 = {
						CreatedOnToolsVersion = 13.4.1;
					};
				};
			};
			buildConfigurationList = 02E06B3C286C82DF00D60399 /* Build configuration list for PBXProject "WeatherFetch" */;
			compatibilityVersion = "Xcode 13.0";
			developmentRegion = en;
			hasScannedForEncodings = 0;
			knownRegions = (
				en,
				Base,
			);
			mainGroup = 02E06B38286C82DF00D60399;
			productRefGroup = 02E06B42286C82DF00D60399 /* Products */;
			projectDirPath = "";
			projectRoot = "";
			targets = (
				02E06B40286C82DF00D60399 /* WeatherFetch */,
			);
		};
/* End PBXProject section */

/* Begin PBXResourcesBuildPhase section */
		02E06B3F286C82DF00D60399 /* Resources */ = {
			isa = PBXResourcesBuildPhase;
			buildActionMask = 2147483647;
			files = (
				02E06B51286C82E000D60399 /* LaunchScreen.storyboard in Resources */,
				02E06B4E286C82E000D60399 /* Assets.xcassets in Resources */,
				02E06B4C286C82DF00D60399 /* Main.storyboard in Resources */,
			);
			runOnlyForDeploymentPostprocessing = 0;
		};
/* End PBXResourcesBuildPhase section */

/* Begin PBXShellScriptBuildPhase section */
		830894DC83DDBEF02D181AC3 /* [CP] Embed Pods Frameworks */ = {
			isa = PBXShellScriptBuildPhase;
			buildActionMask = 2147483647;
			files = (
			);
			inputFileListPaths = (
				"${PODS_ROOT}/Target Support Files/Pods-WeatherFetch/Pods-WeatherFetch-frameworks-${CONFIGURATION}-input-files.xcfilelist",
			);
			name = "[CP] Embed Pods Frameworks";
			outputFileListPaths = (
				"${PODS_ROOT}/Target Support Files/Pods-WeatherFetch/Pods-WeatherFetch-frameworks-${CONFIGURATION}-output-files.xcfilelist",
			);
			runOnlyForDeploymentPostprocessing = 0;
			shellPath = /bin/sh;
			shellScript = "\"${PODS_ROOT}/Target Support Files/Pods-WeatherFetch/Pods-WeatherFetch-frameworks.sh\"\n";
			showEnvVarsInLog = 0;
		};
		86C4F414D150298B75A8A747 /* [CP] Check Pods Manifest.lock */ = {
			isa = PBXShellScriptBuildPhase;
			buildActionMask = 2147483647;
			files = (
			);
			inputFileListPaths = (
			);
			inputPaths = (
				"${PODS_PODFILE_DIR_PATH}/Podfile.lock",
				"${PODS_ROOT}/Manifest.lock",
			);
			name = "[CP] Check Pods Manifest.lock";
			outputFileListPaths = (
			);
			outputPaths = (
				"$(DERIVED_FILE_DIR)/Pods-WeatherFetch-checkManifestLockResult.txt",
			);
			runOnlyForDeploymentPostprocessing = 0;
			shellPath = /bin/sh;
			shellScript = "diff \"${PODS_PODFILE_DIR_PATH}/Podfile.lock\" \"${PODS_ROOT}/Manifest.lock\" > /dev/null\nif [ $? != 0 ] ; then\n    # print error to STDERR\n    echo \"error: The sandbox is not in sync with the Podfile.lock. Run 'pod install' or update your CocoaPods installation.\" >&2\n    exit 1\nfi\n# This output is used by Xcode 'outputs' to avoid re-running this script phase.\necho \"SUCCESS\" > \"${SCRIPT_OUTPUT_FILE_0}\"\n";
			showEnvVarsInLog = 0;
		};
/* End PBXShellScriptBuildPhase section */

/* Begin PBXSourcesBuildPhase section */
		02E06B3D286C82DF00D60399 /* Sources */ = {
			isa = PBXSourcesBuildPhase;
			buildActionMask = 2147483647;
			files = (
				02E06B49286C82DF00D60399 /* HomeViewController.swift in Sources */,
				02E06B45286C82DF00D60399 /* AppDelegate.swift in Sources */,
				02E06B47286C82DF00D60399 /* SceneDelegate.swift in Sources */,
			);
			runOnlyForDeploymentPostprocessing = 0;
		};
/* End PBXSourcesBuildPhase section */

/* Begin PBXVariantGroup section */
		02E06B4A286C82DF00D60399 /* Main.storyboard */ = {
			isa = PBXVariantGroup;
			children = (
				02E06B4B286C82DF00D60399 /* Base */,
			);
			name = Main.storyboard;
			sourceTree = "<group>";
		};
		02E06B4F286C82E000D60399 /* LaunchScreen.storyboard */ = {
			isa = PBXVariantGroup;
			children = (
				02E06B50286C82E000D60399 /* Base */,
			);
			name = LaunchScreen.storyboard;
			sourceTree = "<group>";
		};
/* End PBXVariantGroup section */

/* Begin XCBuildConfiguration section */
		02E06B53286C82E000D60399 /* Debug */ = {
			isa = XCBuildConfiguration;
			buildSettings = {
				ALWAYS_SEARCH_USER_PATHS = NO;
				CLANG_ANALYZER_NONNULL = YES;
				CLANG_ANALYZER_NUMBER_OBJECT_CONVERSION = YES_AGGRESSIVE;
				CLANG_CXX_LANGUAGE_STANDARD = "gnu++17";
				CLANG_ENABLE_MODULES = YES;
				CLANG_ENABLE_OBJC_ARC = YES;
				CLANG_ENABLE_OBJC_WEAK = YES;
				CLANG_WARN_BLOCK_CAPTURE_AUTORELEASING = YES;
				CLANG_WARN_BOOL_CONVERSION = YES;
				CLANG_WARN_COMMA = YES;
				CLANG_WARN_CONSTANT_CONVERSION = YES;
				CLANG_WARN_DEPRECATED_OBJC_IMPLEMENTATIONS = YES;
				CLANG_WARN_DIRECT_OBJC_ISA_USAGE = YES_ERROR;
				CLANG_WARN_DOCUMENTATION_COMMENTS = YES;
				CLANG_WARN_EMPTY_BODY = YES;
				CLANG_WARN_ENUM_CONVERSION = YES;
				CLANG_WARN_INFINITE_RECURSION = YES;
				CLANG_WARN_INT_CONVERSION = YES;
				CLANG_WARN_NON_LITERAL_NULL_CONVERSION = YES;
				CLANG_WARN_OBJC_IMPLICIT_RETAIN_SELF = YES;
				CLANG_WARN_OBJC_LITERAL_CONVERSION = YES;
				CLANG_WARN_OBJC_ROOT_CLASS = YES_ERROR;
				CLANG_WARN_QUOTED_INCLUDE_IN_FRAMEWORK_HEADER = YES;
				CLANG_WARN_RANGE_LOOP_ANALYSIS = YES;
				CLANG_WARN_STRICT_PROTOTYPES = YES;
				CLANG_WARN_SUSPICIOUS_MOVE = YES;
				CLANG_WARN_UNGUARDED_AVAILABILITY = YES_AGGRESSIVE;
				CLANG_WARN_UNREACHABLE_CODE = YES;
				CLANG_WARN__DUPLICATE_METHOD_MATCH = YES;
				COPY_PHASE_STRIP = NO;
				DEBUG_INFORMATION_FORMAT = dwarf;
				ENABLE_STRICT_OBJC_MSGSEND = YES;
				ENABLE_TESTABILITY = YES;
				GCC_C_LANGUAGE_STANDARD = gnu11;
				GCC_DYNAMIC_NO_PIC = NO;
				GCC_NO_COMMON_BLOCKS = YES;
				GCC_OPTIMIZATION_LEVEL = 0;
				GCC_PREPROCESSOR_DEFINITIONS = (
					"DEBUG=1",
					"$(inherited)",
				);
				GCC_WARN_64_TO_32_BIT_CONVERSION = YES;
				GCC_WARN_ABOUT_RETURN_TYPE = YES_ERROR;
				GCC_WARN_UNDECLARED_SELECTOR = YES;
				GCC_WARN_UNINITIALIZED_AUTOS = YES_AGGRESSIVE;
				GCC_WARN_UNUSED_FUNCTION = YES;
				GCC_WARN_UNUSED_VARIABLE = YES;
				IPHONEOS_DEPLOYMENT_TARGET = 15.5;
				MTL_ENABLE_DEBUG_INFO = INCLUDE_SOURCE;
				MTL_FAST_MATH = YES;
				ONLY_ACTIVE_ARCH = YES;
				SDKROOT = iphoneos;
				SWIFT_ACTIVE_COMPILATION_CONDITIONS = DEBUG;
				SWIFT_OPTIMIZATION_LEVEL = "-Onone";
			};
			name = Debug;
		};
		02E06B54286C82E000D60399 /* Release */ = {
			isa = XCBuildConfiguration;
			buildSettings = {
				ALWAYS_SEARCH_USER_PATHS = NO;
				CLANG_ANALYZER_NONNULL = YES;
				CLANG_ANALYZER_NUMBER_OBJECT_CONVERSION = YES_AGGRESSIVE;
				CLANG_CXX_LANGUAGE_STANDARD = "gnu++17";
				CLANG_ENABLE_MODULES = YES;
				CLANG_ENABLE_OBJC_ARC = YES;
				CLANG_ENABLE_OBJC_WEAK = YES;
				CLANG_WARN_BLOCK_CAPTURE_AUTORELEASING = YES;
				CLANG_WARN_BOOL_CONVERSION = YES;
				CLANG_WARN_COMMA = YES;
				CLANG_WARN_CONSTANT_CONVERSION = YES;
				CLANG_WARN_DEPRECATED_OBJC_IMPLEMENTATIONS = YES;
				CLANG_WARN_DIRECT_OBJC_ISA_USAGE = YES_ERROR;
				CLANG_WARN_DOCUMENTATION_COMMENTS = YES;
				CLANG_WARN_EMPTY_BODY = YES;
				CLANG_WARN_ENUM_CONVERSION = YES;
				CLANG_WARN_INFINITE_RECURSION = YES;
				CLANG_WARN_INT_CONVERSION = YES;
				CLANG_WARN_NON_LITERAL_NULL_CONVERSION = YES;
				CLANG_WARN_OBJC_IMPLICIT_RETAIN_SELF = YES;
				CLANG_WARN_OBJC_LITERAL_CONVERSION = YES;
				CLANG_WARN_OBJC_ROOT_CLASS = YES_ERROR;
				CLANG_WARN_QUOTED_INCLUDE_IN_FRAMEWORK_HEADER = YES;
				CLANG_WARN_RANGE_LOOP_ANALYSIS = YES;
				CLANG_WARN_STRICT_PROTOTYPES = YES;
				CLANG_WARN_SUSPICIOUS_MOVE = YES;
				CLANG_WARN_UNGUARDED_AVAILABILITY = YES_AGGRESSIVE;
				CLANG_WARN_UNREACHABLE_CODE = YES;
				CLANG_WARN__DUPLICATE_METHOD_MATCH = YES;
				COPY_PHASE_STRIP = NO;
				DEBUG_INFORMATION_FORMAT = "dwarf-with-dsym";
				ENABLE_NS_ASSERTIONS = NO;
				ENABLE_STRICT_OBJC_MSGSEND = YES;
				GCC_C_LANGUAGE_STANDARD = gnu11;
				GCC_NO_COMMON_BLOCKS = YES;
				GCC_WARN_64_TO_32_BIT_CONVERSION = YES;
				GCC_WARN_ABOUT_RETURN_TYPE = YES_ERROR;
				GCC_WARN_UNDECLARED_SELECTOR = YES;
				GCC_WARN_UNINITIALIZED_AUTOS = YES_AGGRESSIVE;
				GCC_WARN_UNUSED_FUNCTION = YES;
				GCC_WARN_UNUSED_VARIABLE = YES;
				IPHONEOS_DEPLOYMENT_TARGET = 15.5;
				MTL_ENABLE_DEBUG_INFO = NO;
				MTL_FAST_MATH = YES;
				SDKROOT = iphoneos;
				SWIFT_COMPILATION_MODE = wholemodule;
				SWIFT_OPTIMIZATION_LEVEL = "-O";
				VALIDATE_PRODUCT = YES;
			};
			name = Release;
		};
		02E06B56286C82E000D60399 /* Debug */ = {
			isa = XCBuildConfiguration;
			baseConfigurationReference = 3EC4C7566A155BB5EA9AD98F /* Pods-WeatherFetch.debug.xcconfig */;
			buildSettings = {
				ASSETCATALOG_COMPILER_APPICON_NAME = AppIcon;
				ASSETCATALOG_COMPILER_GLOBAL_ACCENT_COLOR_NAME = AccentColor;
				CODE_SIGN_STYLE = Automatic;
				CURRENT_PROJECT_VERSION = 1;
				DEVELOPMENT_TEAM = 32K5QYG283;
				GENERATE_INFOPLIST_FILE = YES;
				INFOPLIST_FILE = WeatherFetch/Info.plist;
				INFOPLIST_KEY_UIApplicationSupportsIndirectInputEvents = YES;
				INFOPLIST_KEY_UILaunchStoryboardName = LaunchScreen;
				INFOPLIST_KEY_UIMainStoryboardFile = Main;
				INFOPLIST_KEY_UISupportedInterfaceOrientations_iPad = "UIInterfaceOrientationPortrait UIInterfaceOrientationPortraitUpsideDown UIInterfaceOrientationLandscapeLeft UIInterfaceOrientationLandscapeRight";
				INFOPLIST_KEY_UISupportedInterfaceOrientations_iPhone = "UIInterfaceOrientationPortrait UIInterfaceOrientationLandscapeLeft UIInterfaceOrientationLandscapeRight";
				LD_RUNPATH_SEARCH_PATHS = (
					"$(inherited)",
					"@executable_path/Frameworks",
				);
				MARKETING_VERSION = 1.0;
				PRODUCT_BUNDLE_IDENTIFIER = com.naing.WeatherFetch;
				PRODUCT_NAME = "$(TARGET_NAME)";
				SWIFT_EMIT_LOC_STRINGS = YES;
				SWIFT_VERSION = 5.0;
				TARGETED_DEVICE_FAMILY = "1,2";
			};
			name = Debug;
		};
		02E06B57286C82E000D60399 /* Release */ = {
			isa = XCBuildConfiguration;
			baseConfigurationReference = 40AA82AA6DAB86E7ABDF4E85 /* Pods-WeatherFetch.release.xcconfig */;
			buildSettings = {
				ASSETCATALOG_COMPILER_APPICON_NAME = AppIcon;
				ASSETCATALOG_COMPILER_GLOBAL_ACCENT_COLOR_NAME = AccentColor;
				CODE_SIGN_STYLE = Automatic;
				CURRENT_PROJECT_VERSION = 1;
				DEVELOPMENT_TEAM = 32K5QYG283;
				GENERATE_INFOPLIST_FILE = YES;
				INFOPLIST_FILE = WeatherFetch/Info.plist;
				INFOPLIST_KEY_UIApplicationSupportsIndirectInputEvents = YES;
				INFOPLIST_KEY_UILaunchStoryboardName = LaunchScreen;
				INFOPLIST_KEY_UIMainStoryboardFile = Main;
				INFOPLIST_KEY_UISupportedInterfaceOrientations_iPad = "UIInterfaceOrientationPortrait UIInterfaceOrientationPortraitUpsideDown UIInterfaceOrientationLandscapeLeft UIInterfaceOrientationLandscapeRight";
				INFOPLIST_KEY_UISupportedInterfaceOrientations_iPhone = "UIInterfaceOrientationPortrait UIInterfaceOrientationLandscapeLeft UIInterfaceOrientationLandscapeRight";
				LD_RUNPATH_SEARCH_PATHS = (
					"$(inherited)",
					"@executable_path/Frameworks",
				);
				MARKETING_VERSION = 1.0;
				PRODUCT_BUNDLE_IDENTIFIER = com.naing.WeatherFetch;
				PRODUCT_NAME = "$(TARGET_NAME)";
				SWIFT_EMIT_LOC_STRINGS = YES;
				SWIFT_VERSION = 5.0;
				TARGETED_DEVICE_FAMILY = "1,2";
			};
			name = Release;
		};
/* End XCBuildConfiguration section */

/* Begin XCConfigurationList section */
		02E06B3C286C82DF00D60399 /* Build configuration list for PBXProject "WeatherFetch" */ = {
			isa = XCConfigurationList;
			buildConfigurations = (
				02E06B53286C82E000D60399 /* Debug */,
				02E06B54286C82E000D60399 /* Release */,
			);
			defaultConfigurationIsVisible = 0;
			defaultConfigurationName = Release;
		};
		02E06B55286C82E000D60399 /* Build configuration list for PBXNativeTarget "WeatherFetch" */ = {
			isa = XCConfigurationList;
			buildConfigurations = (
				02E06B56286C82E000D60399 /* Debug */,
				02E06B57286C82E000D60399 /* Release */,
			);
			defaultConfigurationIsVisible = 0;
			defaultConfigurationName = Release;
		};
/* End XCConfigurationList section */
	};
	rootObject = 02E06B39286C82DF00D60399 /* Project object */;
}
